
Microsoft Visual Studio Solution File, Format Version 12.00
# Visual Studio Version 17
VisualStudioVersion = 17.3.32922.545
MinimumVisualStudioVersion = 10.0.40219.1
Project("{FAE04EC0-301F-11D3-BF4B-00C04F79EFBC}") = "Pokegotchi_SWP", "Pokegotchi_SWP\Pokegotchi_SWP.csproj", "{14F085A7-C76D-4645-A2A4-A785DDB1542D}"
EndProject
Global
	GlobalSection(SolutionConfigurationPlatforms) = preSolution
		Debug|Any CPU = Debug|Any CPU
		Release|Any CPU = Release|Any CPU
	EndGlobalSection
	GlobalSection(ProjectConfigurationPlatforms) = postSolution
		{14F085A7-C76D-4645-A2A4-A785DDB1542D}.Debug|Any CPU.ActiveCfg = Debug|Any CPU
		{14F085A7-C76D-4645-A2A4-A785DDB1542D}.Debug|Any CPU.Build.0 = Debug|Any CPU
		{14F085A7-C76D-4645-A2A4-A785DDB1542D}.Release|Any CPU.ActiveCfg = Release|Any CPU
		{14F085A7-C76D-4645-A2A4-A785DDB1542D}.Release|Any CPU.Build.0 = Release|Any CPU
	EndGlobalSection
	GlobalSection(SolutionProperties) = preSolution
		HideSolutionNode = FALSE
	EndGlobalSection
	GlobalSection(ExtensibilityGlobals) = postSolution
		SolutionGuid = {92A6264E-B174-4C9F-97B8-22DCA786ED88}
	EndGlobalSection
EndGlobal
